// !$*UTF8*$!
{
	archiveVersion = 1;
	classes = {
	};
	objectVersion = 56;
	objects = {

/* Begin PBXBuildFile section */
		BD8035B829F5F4C6009D5990 /* QuestionAppApp.swift in Sources */ = {isa = PBXBuildFile; fileRef = BD8035B729F5F4C6009D5990 /* QuestionAppApp.swift */; };
		BD8035BA29F5F4C6009D5990 /* ContentView.swift in Sources */ = {isa = PBXBuildFile; fileRef = BD8035B929F5F4C6009D5990 /* ContentView.swift */; };
		BD8035BC29F5F4C8009D5990 /* Assets.xcassets in Resources */ = {isa = PBXBuildFile; fileRef = BD8035BB29F5F4C8009D5990 /* Assets.xcassets */; };
		BD8035BF29F5F4C8009D5990 /* Preview Assets.xcassets in Resources */ = {isa = PBXBuildFile; fileRef = BD8035BE29F5F4C8009D5990 /* Preview Assets.xcassets */; };
		BD8035C929F5F4C8009D5990 /* QuestionAppTests.swift in Sources */ = {isa = PBXBuildFile; fileRef = BD8035C829F5F4C8009D5990 /* QuestionAppTests.swift */; };
		BD8035D329F5F4C8009D5990 /* QuestionAppUITests.swift in Sources */ = {isa = PBXBuildFile; fileRef = BD8035D229F5F4C8009D5990 /* QuestionAppUITests.swift */; };
		BD8035D529F5F4C8009D5990 /* QuestionAppUITestsLaunchTests.swift in Sources */ = {isa = PBXBuildFile; fileRef = BD8035D429F5F4C8009D5990 /* QuestionAppUITestsLaunchTests.swift */; };
		BD8035E229F5F4F8009D5990 /* QuestionOneView.swift in Sources */ = {isa = PBXBuildFile; fileRef = BD8035E129F5F4F8009D5990 /* QuestionOneView.swift */; };
		BD8035E429F5F50A009D5990 /* QuestionTwoView.swift in Sources */ = {isa = PBXBuildFile; fileRef = BD8035E329F5F50A009D5990 /* QuestionTwoView.swift */; };
/* End PBXBuildFile section */

/* Begin PBXContainerItemProxy section */
		BD8035C529F5F4C8009D5990 /* PBXContainerItemProxy */ = {
			isa = PBXContainerItemProxy;
			containerPortal = BD8035AC29F5F4C6009D5990 /* Project object */;
			proxyType = 1;
			remoteGlobalIDString = BD8035B329F5F4C6009D5990;
			remoteInfo = QuestionApp;
		};
		BD8035CF29F5F4C8009D5990 /* PBXContainerItemProxy */ = {
			isa = PBXContainerItemProxy;
			containerPortal = BD8035AC29F5F4C6009D5990 /* Project object */;
			proxyType = 1;
			remoteGlobalIDString = BD8035B329F5F4C6009D5990;
			remoteInfo = QuestionApp;
		};
/* End PBXContainerItemProxy section */

/* Begin PBXFileReference section */
		BD8035B429F5F4C6009D5990 /* QuestionApp.app */ = {isa = PBXFileReference; explicitFileType = wrapper.application; includeInIndex = 0; path = QuestionApp.app; sourceTree = BUILT_PRODUCTS_DIR; };
		BD8035B729F5F4C6009D5990 /* QuestionAppApp.swift */ = {isa = PBXFileReference; lastKnownFileType = sourcecode.swift; path = QuestionAppApp.swift; sourceTree = "<group>"; };
		BD8035B929F5F4C6009D5990 /* ContentView.swift */ = {isa = PBXFileReference; lastKnownFileType = sourcecode.swift; path = ContentView.swift; sourceTree = "<group>"; };
		BD8035BB29F5F4C8009D5990 /* Assets.xcassets */ = {isa = PBXFileReference; lastKnownFileType = folder.assetcatalog; path = Assets.xcassets; sourceTree = "<group>"; };
		BD8035BE29F5F4C8009D5990 /* Preview Assets.xcassets */ = {isa = PBXFileReference; lastKnownFileType = folder.assetcatalog; path = "Preview Assets.xcassets"; sourceTree = "<group>"; };
		BD8035C429F5F4C8009D5990 /* QuestionAppTests.xctest */ = {isa = PBXFileReference; explicitFileType = wrapper.cfbundle; includeInIndex = 0; path = QuestionAppTests.xctest; sourceTree = BUILT_PRODUCTS_DIR; };
		BD8035C829F5F4C8009D5990 /* QuestionAppTests.swift */ = {isa = PBXFileReference; lastKnownFileType = sourcecode.swift; path = QuestionAppTests.swift; sourceTree = "<group>"; };
		BD8035CE29F5F4C8009D5990 /* QuestionAppUITests.xctest */ = {isa = PBXFileReference; explicitFileType = wrapper.cfbundle; includeInIndex = 0; path = QuestionAppUITests.xctest; sourceTree = BUILT_PRODUCTS_DIR; };
		BD8035D229F5F4C8009D5990 /* QuestionAppUITests.swift */ = {isa = PBXFileReference; lastKnownFileType = sourcecode.swift; path = QuestionAppUITests.swift; sourceTree = "<group>"; };
		BD8035D429F5F4C8009D5990 /* QuestionAppUITestsLaunchTests.swift */ = {isa = PBXFileReference; lastKnownFileType = sourcecode.swift; path = QuestionAppUITestsLaunchTests.swift; sourceTree = "<group>"; };
		BD8035E129F5F4F8009D5990 /* QuestionOneView.swift */ = {isa = PBXFileReference; lastKnownFileType = sourcecode.swift; path = QuestionOneView.swift; sourceTree = "<group>"; };
		BD8035E329F5F50A009D5990 /* QuestionTwoView.swift */ = {isa = PBXFileReference; lastKnownFileType = sourcecode.swift; path = QuestionTwoView.swift; sourceTree = "<group>"; };
/* End PBXFileReference section */

/* Begin PBXFrameworksBuildPhase section */
		BD8035B129F5F4C6009D5990 /* Frameworks */ = {
			isa = PBXFrameworksBuildPhase;
			buildActionMask = 2147483647;
			files = (
			);
			runOnlyForDeploymentPostprocessing = 0;
		};
		BD8035C129F5F4C8009D5990 /* Frameworks */ = {
			isa = PBXFrameworksBuildPhase;
			buildActionMask = 2147483647;
			files = (
			);
			runOnlyForDeploymentPostprocessing = 0;
		};
		BD8035CB29F5F4C8009D5990 /* Frameworks */ = {
			isa = PBXFrameworksBuildPhase;
			buildActionMask = 2147483647;
			files = (
			);
			runOnlyForDeploymentPostprocessing = 0;
		};
/* End PBXFrameworksBuildPhase section */

/* Begin PBXGroup section */
		BD8035AB29F5F4C6009D5990 = {
			isa = PBXGroup;
			children = (
				BD8035B629F5F4C6009D5990 /* QuestionApp */,
				BD8035C729F5F4C8009D5990 /* QuestionAppTests */,
				BD8035D129F5F4C8009D5990 /* QuestionAppUITests */,
				BD8035B529F5F4C6009D5990 /* Products */,
			);
			sourceTree = "<group>";
		};
		BD8035B529F5F4C6009D5990 /* Products */ = {
			isa = PBXGroup;
			children = (
				BD8035B429F5F4C6009D5990 /* QuestionApp.app */,
				BD8035C429F5F4C8009D5990 /* QuestionAppTests.xctest */,
				BD8035CE29F5F4C8009D5990 /* QuestionAppUITests.xctest */,
			);
			name = Products;
			sourceTree = "<group>";
		};
		BD8035B629F5F4C6009D5990 /* QuestionApp */ = {
			isa = PBXGroup;
			children = (
				BD8035B729F5F4C6009D5990 /* QuestionAppApp.swift */,
				BD8035B929F5F4C6009D5990 /* ContentView.swift */,
				BD8035E129F5F4F8009D5990 /* QuestionOneView.swift */,
				BD8035E329F5F50A009D5990 /* QuestionTwoView.swift */,
				BD8035BB29F5F4C8009D5990 /* Assets.xcassets */,
				BD8035BD29F5F4C8009D5990 /* Preview Content */,
			);
			path = QuestionApp;
			sourceTree = "<group>";
		};
		BD8035BD29F5F4C8009D5990 /* Preview Content */ = {
			isa = PBXGroup;
			children = (
				BD8035BE29F5F4C8009D5990 /* Preview Assets.xcassets */,
			);
			path = "Preview Content";
			sourceTree = "<group>";
		};
		BD8035C729F5F4C8009D5990 /* QuestionAppTests */ = {
			isa = PBXGroup;
			children = (
				BD8035C829F5F4C8009D5990 /* QuestionAppTests.swift */,
			);
			path = QuestionAppTests;
			sourceTree = "<group>";
		};
		BD8035D129F5F4C8009D5990 /* QuestionAppUITests */ = {
			isa = PBXGroup;
			children = (
				BD8035D229F5F4C8009D5990 /* QuestionAppUITests.swift */,
				BD8035D429F5F4C8009D5990 /* QuestionAppUITestsLaunchTests.swift */,
			);
			path = QuestionAppUITests;
			sourceTree = "<group>";
		};
/* End PBXGroup section */

/* Begin PBXNativeTarget section */
		BD8035B329F5F4C6009D5990 /* QuestionApp */ = {
			isa = PBXNativeTarget;
			buildConfigurationList = BD8035D829F5F4C8009D5990 /* Build configuration list for PBXNativeTarget "QuestionApp" */;
			buildPhases = (
				BD8035B029F5F4C6009D5990 /* Sources */,
				BD8035B129F5F4C6009D5990 /* Frameworks */,
				BD8035B229F5F4C6009D5990 /* Resources */,
			);
			buildRules = (
			);
			dependencies = (
			);
			name = QuestionApp;
			productName = QuestionApp;
			productReference = BD8035B429F5F4C6009D5990 /* QuestionApp.app */;
			productType = "com.apple.product-type.application";
		};
		BD8035C329F5F4C8009D5990 /* QuestionAppTests */ = {
			isa = PBXNativeTarget;
			buildConfigurationList = BD8035DB29F5F4C8009D5990 /* Build configuration list for PBXNativeTarget "QuestionAppTests" */;
			buildPhases = (
				BD8035C029F5F4C8009D5990 /* Sources */,
				BD8035C129F5F4C8009D5990 /* Frameworks */,
				BD8035C229F5F4C8009D5990 /* Resources */,
			);
			buildRules = (
			);
			dependencies = (
				BD8035C629F5F4C8009D5990 /* PBXTargetDependency */,
			);
			name = QuestionAppTests;
			productName = QuestionAppTests;
			productReference = BD8035C429F5F4C8009D5990 /* QuestionAppTests.xctest */;
			productType = "com.apple.product-type.bundle.unit-test";
		};
		BD8035CD29F5F4C8009D5990 /* QuestionAppUITests */ = {
			isa = PBXNativeTarget;
			buildConfigurationList = BD8035DE29F5F4C8009D5990 /* Build configuration list for PBXNativeTarget "QuestionAppUITests" */;
			buildPhases = (
				BD8035CA29F5F4C8009D5990 /* Sources */,
				BD8035CB29F5F4C8009D5990 /* Frameworks */,
				BD8035CC29F5F4C8009D5990 /* Resources */,
			);
			buildRules = (
			);
			dependencies = (
				BD8035D029F5F4C8009D5990 /* PBXTargetDependency */,
			);
			name = QuestionAppUITests;
			productName = QuestionAppUITests;
			productReference = BD8035CE29F5F4C8009D5990 /* QuestionAppUITests.xctest */;
			productType = "com.apple.product-type.bundle.ui-testing";
		};
/* End PBXNativeTarget section */

/* Begin PBXProject section */
		BD8035AC29F5F4C6009D5990 /* Project object */ = {
			isa = PBXProject;
			attributes = {
				BuildIndependentTargetsInParallel = 1;
				LastSwiftUpdateCheck = 1430;
				LastUpgradeCheck = 1430;
				TargetAttributes = {
					BD8035B329F5F4C6009D5990 = {
						CreatedOnToolsVersion = 14.3;
					};
					BD8035C329F5F4C8009D5990 = {
						CreatedOnToolsVersion = 14.3;
						TestTargetID = BD8035B329F5F4C6009D5990;
					};
					BD8035CD29F5F4C8009D5990 = {
						CreatedOnToolsVersion = 14.3;
						TestTargetID = BD8035B329F5F4C6009D5990;
					};
				};
			};
			buildConfigurationList = BD8035AF29F5F4C6009D5990 /* Build configuration list for PBXProject "QuestionApp" */;
			compatibilityVersion = "Xcode 14.0";
			developmentRegion = en;
			hasScannedForEncodings = 0;
			knownRegions = (
				en,
				Base,
			);
			mainGroup = BD8035AB29F5F4C6009D5990;
			productRefGroup = BD8035B529F5F4C6009D5990 /* Products */;
			projectDirPath = "";
			projectRoot = "";
			targets = (
				BD8035B329F5F4C6009D5990 /* QuestionApp */,
				BD8035C329F5F4C8009D5990 /* QuestionAppTests */,
				BD8035CD29F5F4C8009D5990 /* QuestionAppUITests */,
			);
		};
/* End PBXProject section */

/* Begin PBXResourcesBuildPhase section */
		BD8035B229F5F4C6009D5990 /* Resources */ = {
			isa = PBXResourcesBuildPhase;
			buildActionMask = 2147483647;
			files = (
				BD8035BF29F5F4C8009D5990 /* Preview Assets.xcassets in Resources */,
				BD8035BC29F5F4C8009D5990 /* Assets.xcassets in Resources */,
			);
			runOnlyForDeploymentPostprocessing = 0;
		};
		BD8035C229F5F4C8009D5990 /* Resources */ = {
			isa = PBXResourcesBuildPhase;
			buildActionMask = 2147483647;
			files = (
			);
			runOnlyForDeploymentPostprocessing = 0;
		};
		BD8035CC29F5F4C8009D5990 /* Resources */ = {
			isa = PBXResourcesBuildPhase;
			buildActionMask = 2147483647;
			files = (
			);
			runOnlyForDeploymentPostprocessing = 0;
		};
/* End PBXResourcesBuildPhase section */

/* Begin PBXSourcesBuildPhase section */
		BD8035B029F5F4C6009D5990 /* Sources */ = {
			isa = PBXSourcesBuildPhase;
			buildActionMask = 2147483647;
			files = (
				BD8035BA29F5F4C6009D5990 /* ContentView.swift in Sources */,
				BD8035E429F5F50A009D5990 /* QuestionTwoView.swift in Sources */,
				BD8035B829F5F4C6009D5990 /* QuestionAppApp.swift in Sources */,
				BD8035E229F5F4F8009D5990 /* QuestionOneView.swift in Sources */,
			);
			runOnlyForDeploymentPostprocessing = 0;
		};
		BD8035C029F5F4C8009D5990 /* Sources */ = {
			isa = PBXSourcesBuildPhase;
			buildActionMask = 2147483647;
			files = (
				BD8035C929F5F4C8009D5990 /* QuestionAppTests.swift in Sources */,
			);
			runOnlyForDeploymentPostprocessing = 0;
		};
		BD8035CA29F5F4C8009D5990 /* Sources */ = {
			isa = PBXSourcesBuildPhase;
			buildActionMask = 2147483647;
			files = (
				BD8035D529F5F4C8009D5990 /* QuestionAppUITestsLaunchTests.swift in Sources */,
				BD8035D329F5F4C8009D5990 /* QuestionAppUITests.swift in Sources */,
			);
			runOnlyForDeploymentPostprocessing = 0;
		};
/* End PBXSourcesBuildPhase section */

/* Begin PBXTargetDependency section */
		BD8035C629F5F4C8009D5990 /* PBXTargetDependency */ = {
			isa = PBXTargetDependency;
			target = BD8035B329F5F4C6009D5990 /* QuestionApp */;
			targetProxy = BD8035C529F5F4C8009D5990 /* PBXContainerItemProxy */;
		};
		BD8035D029F5F4C8009D5990 /* PBXTargetDependency */ = {
			isa = PBXTargetDependency;
			target = BD8035B329F5F4C6009D5990 /* QuestionApp */;
			targetProxy = BD8035CF29F5F4C8009D5990 /* PBXContainerItemProxy */;
		};
/* End PBXTargetDependency section */

/* Begin XCBuildConfiguration section */
		BD8035D629F5F4C8009D5990 /* Debug */ = {
			isa = XCBuildConfiguration;
			buildSettings = {
				ALWAYS_SEARCH_USER_PATHS = NO;
				CLANG_ANALYZER_NONNULL = YES;
				CLANG_ANALYZER_NUMBER_OBJECT_CONVERSION = YES_AGGRESSIVE;
				CLANG_CXX_LANGUAGE_STANDARD = "gnu++20";
				CLANG_ENABLE_MODULES = YES;
				CLANG_ENABLE_OBJC_ARC = YES;
				CLANG_ENABLE_OBJC_WEAK = YES;
				CLANG_WARN_BLOCK_CAPTURE_AUTORELEASING = YES;
				CLANG_WARN_BOOL_CONVERSION = YES;
				CLANG_WARN_COMMA = YES;
				CLANG_WARN_CONSTANT_CONVERSION = YES;
				CLANG_WARN_DEPRECATED_OBJC_IMPLEMENTATIONS = YES;
				CLANG_WARN_DIRECT_OBJC_ISA_USAGE = YES_ERROR;
				CLANG_WARN_DOCUMENTATION_COMMENTS = YES;
				CLANG_WARN_EMPTY_BODY = YES;
				CLANG_WARN_ENUM_CONVERSION = YES;
				CLANG_WARN_INFINITE_RECURSION = YES;
				CLANG_WARN_INT_CONVERSION = YES;
				CLANG_WARN_NON_LITERAL_NULL_CONVERSION = YES;
				CLANG_WARN_OBJC_IMPLICIT_RETAIN_SELF = YES;
				CLANG_WARN_OBJC_LITERAL_CONVERSION = YES;
				CLANG_WARN_OBJC_ROOT_CLASS = YES_ERROR;
				CLANG_WARN_QUOTED_INCLUDE_IN_FRAMEWORK_HEADER = YES;
				CLANG_WARN_RANGE_LOOP_ANALYSIS = YES;
				CLANG_WARN_STRICT_PROTOTYPES = YES;
				CLANG_WARN_SUSPICIOUS_MOVE = YES;
				CLANG_WARN_UNGUARDED_AVAILABILITY = YES_AGGRESSIVE;
				CLANG_WARN_UNREACHABLE_CODE = YES;
				CLANG_WARN__DUPLICATE_METHOD_MATCH = YES;
				COPY_PHASE_STRIP = NO;
				DEBUG_INFORMATION_FORMAT = dwarf;
				ENABLE_STRICT_OBJC_MSGSEND = YES;
				ENABLE_TESTABILITY = YES;
				GCC_C_LANGUAGE_STANDARD = gnu11;
				GCC_DYNAMIC_NO_PIC = NO;
				GCC_NO_COMMON_BLOCKS = YES;
				GCC_OPTIMIZATION_LEVEL = 0;
				GCC_PREPROCESSOR_DEFINITIONS = (
					"DEBUG=1",
					"$(inherited)",
				);
				GCC_WARN_64_TO_32_BIT_CONVERSION = YES;
				GCC_WARN_ABOUT_RETURN_TYPE = YES_ERROR;
				GCC_WARN_UNDECLARED_SELECTOR = YES;
				GCC_WARN_UNINITIALIZED_AUTOS = YES_AGGRESSIVE;
				GCC_WARN_UNUSED_FUNCTION = YES;
				GCC_WARN_UNUSED_VARIABLE = YES;
				IPHONEOS_DEPLOYMENT_TARGET = 16.4;
				MTL_ENABLE_DEBUG_INFO = INCLUDE_SOURCE;
				MTL_FAST_MATH = YES;
				ONLY_ACTIVE_ARCH = YES;
				SDKROOT = iphoneos;
				SWIFT_ACTIVE_COMPILATION_CONDITIONS = DEBUG;
				SWIFT_OPTIMIZATION_LEVEL = "-Onone";
			};
			name = Debug;
		};
		BD8035D729F5F4C8009D5990 /* Release */ = {
			isa = XCBuildConfiguration;
			buildSettings = {
				ALWAYS_SEARCH_USER_PATHS = NO;
				CLANG_ANALYZER_NONNULL = YES;
				CLANG_ANALYZER_NUMBER_OBJECT_CONVERSION = YES_AGGRESSIVE;
				CLANG_CXX_LANGUAGE_STANDARD = "gnu++20";
				CLANG_ENABLE_MODULES = YES;
				CLANG_ENABLE_OBJC_ARC = YES;
				CLANG_ENABLE_OBJC_WEAK = YES;
				CLANG_WARN_BLOCK_CAPTURE_AUTORELEASING = YES;
				CLANG_WARN_BOOL_CONVERSION = YES;
				CLANG_WARN_COMMA = YES;
				CLANG_WARN_CONSTANT_CONVERSION = YES;
				CLANG_WARN_DEPRECATED_OBJC_IMPLEMENTATIONS = YES;
				CLANG_WARN_DIRECT_OBJC_ISA_USAGE = YES_ERROR;
				CLANG_WARN_DOCUMENTATION_COMMENTS = YES;
				CLANG_WARN_EMPTY_BODY = YES;
				CLANG_WARN_ENUM_CONVERSION = YES;
				CLANG_WARN_INFINITE_RECURSION = YES;
				CLANG_WARN_INT_CONVERSION = YES;
				CLANG_WARN_NON_LITERAL_NULL_CONVERSION = YES;
				CLANG_WARN_OBJC_IMPLICIT_RETAIN_SELF = YES;
				CLANG_WARN_OBJC_LITERAL_CONVERSION = YES;
				CLANG_WARN_OBJC_ROOT_CLASS = YES_ERROR;
				CLANG_WARN_QUOTED_INCLUDE_IN_FRAMEWORK_HEADER = YES;
				CLANG_WARN_RANGE_LOOP_ANALYSIS = YES;
				CLANG_WARN_STRICT_PROTOTYPES = YES;
				CLANG_WARN_SUSPICIOUS_MOVE = YES;
				CLANG_WARN_UNGUARDED_AVAILABILITY = YES_AGGRESSIVE;
				CLANG_WARN_UNREACHABLE_CODE = YES;
				CLANG_WARN__DUPLICATE_METHOD_MATCH = YES;
				COPY_PHASE_STRIP = NO;
				DEBUG_INFORMATION_FORMAT = "dwarf-with-dsym";
				ENABLE_NS_ASSERTIONS = NO;
				ENABLE_STRICT_OBJC_MSGSEND = YES;
				GCC_C_LANGUAGE_STANDARD = gnu11;
				GCC_NO_COMMON_BLOCKS = YES;
				GCC_WARN_64_TO_32_BIT_CONVERSION = YES;
				GCC_WARN_ABOUT_RETURN_TYPE = YES_ERROR;
				GCC_WARN_UNDECLARED_SELECTOR = YES;
				GCC_WARN_UNINITIALIZED_AUTOS = YES_AGGRESSIVE;
				GCC_WARN_UNUSED_FUNCTION = YES;
				GCC_WARN_UNUSED_VARIABLE = YES;
				IPHONEOS_DEPLOYMENT_TARGET = 16.4;
				MTL_ENABLE_DEBUG_INFO = NO;
				MTL_FAST_MATH = YES;
				SDKROOT = iphoneos;
				SWIFT_COMPILATION_MODE = wholemodule;
				SWIFT_OPTIMIZATION_LEVEL = "-O";
				VALIDATE_PRODUCT = YES;
			};
			name = Release;
		};
		BD8035D929F5F4C8009D5990 /* Debug */ = {
			isa = XCBuildConfiguration;
			buildSettings = {
				ASSETCATALOG_COMPILER_APPICON_NAME = AppIcon;
				ASSETCATALOG_COMPILER_GLOBAL_ACCENT_COLOR_NAME = AccentColor;
				CODE_SIGN_STYLE = Automatic;
				CURRENT_PROJECT_VERSION = 1;
				DEVELOPMENT_ASSET_PATHS = "\"QuestionApp/Preview Content\"";
				DEVELOPMENT_TEAM = KUA4MPBD7U;
				ENABLE_PREVIEWS = YES;
				GENERATE_INFOPLIST_FILE = YES;
				INFOPLIST_KEY_UIApplicationSceneManifest_Generation = YES;
				INFOPLIST_KEY_UIApplicationSupportsIndirectInputEvents = YES;
				INFOPLIST_KEY_UILaunchScreen_Generation = YES;
				INFOPLIST_KEY_UISupportedInterfaceOrientations_iPad = "UIInterfaceOrientationPortrait UIInterfaceOrientationPortraitUpsideDown UIInterfaceOrientationLandscapeLeft UIInterfaceOrientationLandscapeRight";
				INFOPLIST_KEY_UISupportedInterfaceOrientations_iPhone = "UIInterfaceOrientationPortrait UIInterfaceOrientationLandscapeLeft UIInterfaceOrientationLandscapeRight";
				LD_RUNPATH_SEARCH_PATHS = (
					"$(inherited)",
					"@executable_path/Frameworks",
				);
				MARKETING_VERSION = 1.0;
				PRODUCT_BUNDLE_IDENTIFIER = kwk.QuestionApp;
				PRODUCT_NAME = "$(TARGET_NAME)";
				SWIFT_EMIT_LOC_STRINGS = YES;
				SWIFT_VERSION = 5.0;
				TARGETED_DEVICE_FAMILY = "1,2";
			};
			name = Debug;
		};
		BD8035DA29F5F4C8009D5990 /* Release */ = {
			isa = XCBuildConfiguration;
			buildSettings = {
				ASSETCATALOG_COMPILER_APPICON_NAME = AppIcon;
				ASSETCATALOG_COMPILER_GLOBAL_ACCENT_COLOR_NAME = AccentColor;
				CODE_SIGN_STYLE = Automatic;
				CURRENT_PROJECT_VERSION = 1;
				DEVELOPMENT_ASSET_PATHS = "\"QuestionApp/Preview Content\"";
				DEVELOPMENT_TEAM = KUA4MPBD7U;
				ENABLE_PREVIEWS = YES;
				GENERATE_INFOPLIST_FILE = YES;
				INFOPLIST_KEY_UIApplicationSceneManifest_Generation = YES;
				INFOPLIST_KEY_UIApplicationSupportsIndirectInputEvents = YES;
				INFOPLIST_KEY_UILaunchScreen_Generation = YES;
				INFOPLIST_KEY_UISupportedInterfaceOrientations_iPad = "UIInterfaceOrientationPortrait UIInterfaceOrientationPortraitUpsideDown UIInterfaceOrientationLandscapeLeft UIInterfaceOrientationLandscapeRight";
				INFOPLIST_KEY_UISupportedInterfaceOrientations_iPhone = "UIInterfaceOrientationPortrait UIInterfaceOrientationLandscapeLeft UIInterfaceOrientationLandscapeRight";
				LD_RUNPATH_SEARCH_PATHS = (
					"$(inherited)",
					"@executable_path/Frameworks",
				);
				MARKETING_VERSION = 1.0;
				PRODUCT_BUNDLE_IDENTIFIER = kwk.QuestionApp;
				PRODUCT_NAME = "$(TARGET_NAME)";
				SWIFT_EMIT_LOC_STRINGS = YES;
				SWIFT_VERSION = 5.0;
				TARGETED_DEVICE_FAMILY = "1,2";
			};
			name = Release;
		};
		BD8035DC29F5F4C8009D5990 /* Debug */ = {
			isa = XCBuildConfiguration;
			buildSettings = {
				ALWAYS_EMBED_SWIFT_STANDARD_LIBRARIES = YES;
				BUNDLE_LOADER = "$(TEST_HOST)";
				CODE_SIGN_STYLE = Automatic;
				CURRENT_PROJECT_VERSION = 1;
				DEVELOPMENT_TEAM = KUA4MPBD7U;
				GENERATE_INFOPLIST_FILE = YES;
				IPHONEOS_DEPLOYMENT_TARGET = 16.4;
				MARKETING_VERSION = 1.0;
				PRODUCT_BUNDLE_IDENTIFIER = kwk.QuestionAppTests;
				PRODUCT_NAME = "$(TARGET_NAME)";
				SWIFT_EMIT_LOC_STRINGS = NO;
				SWIFT_VERSION = 5.0;
				TARGETED_DEVICE_FAMILY = "1,2";
				TEST_HOST = "$(BUILT_PRODUCTS_DIR)/QuestionApp.app/$(BUNDLE_EXECUTABLE_FOLDER_PATH)/QuestionApp";
			};
			name = Debug;
		};
		BD8035DD29F5F4C8009D5990 /* Release */ = {
			isa = XCBuildConfiguration;
			buildSettings = {
				ALWAYS_EMBED_SWIFT_STANDARD_LIBRARIES = YES;
				BUNDLE_LOADER = "$(TEST_HOST)";
				CODE_SIGN_STYLE = Automatic;
				CURRENT_PROJECT_VERSION = 1;
				DEVELOPMENT_TEAM = KUA4MPBD7U;
				GENERATE_INFOPLIST_FILE = YES;
				IPHONEOS_DEPLOYMENT_TARGET = 16.4;
				MARKETING_VERSION = 1.0;
				PRODUCT_BUNDLE_IDENTIFIER = kwk.QuestionAppTests;
				PRODUCT_NAME = "$(TARGET_NAME)";
				SWIFT_EMIT_LOC_STRINGS = NO;
				SWIFT_VERSION = 5.0;
				TARGETED_DEVICE_FAMILY = "1,2";
				TEST_HOST = "$(BUILT_PRODUCTS_DIR)/QuestionApp.app/$(BUNDLE_EXECUTABLE_FOLDER_PATH)/QuestionApp";
			};
			name = Release;
		};
		BD8035DF29F5F4C8009D5990 /* Debug */ = {
			isa = XCBuildConfiguration;
			buildSettings = {
				ALWAYS_EMBED_SWIFT_STANDARD_LIBRARIES = YES;
				CODE_SIGN_STYLE = Automatic;
				CURRENT_PROJECT_VERSION = 1;
				DEVELOPMENT_TEAM = KUA4MPBD7U;
				GENERATE_INFOPLIST_FILE = YES;
				MARKETING_VERSION = 1.0;
				PRODUCT_BUNDLE_IDENTIFIER = kwk.QuestionAppUITests;
				PRODUCT_NAME = "$(TARGET_NAME)";
				SWIFT_EMIT_LOC_STRINGS = NO;
				SWIFT_VERSION = 5.0;
				TARGETED_DEVICE_FAMILY = "1,2";
				TEST_TARGET_NAME = QuestionApp;
			};
			name = Debug;
		};
		BD8035E029F5F4C8009D5990 /* Release */ = {
			isa = XCBuildConfiguration;
			buildSettings = {
				ALWAYS_EMBED_SWIFT_STANDARD_LIBRARIES = YES;
				CODE_SIGN_STYLE = Automatic;
				CURRENT_PROJECT_VERSION = 1;
				DEVELOPMENT_TEAM = KUA4MPBD7U;
				GENERATE_INFOPLIST_FILE = YES;
				MARKETING_VERSION = 1.0;
				PRODUCT_BUNDLE_IDENTIFIER = kwk.QuestionAppUITests;
				PRODUCT_NAME = "$(TARGET_NAME)";
				SWIFT_EMIT_LOC_STRINGS = NO;
				SWIFT_VERSION = 5.0;
				TARGETED_DEVICE_FAMILY = "1,2";
				TEST_TARGET_NAME = QuestionApp;
			};
			name = Release;
		};
/* End XCBuildConfiguration section */

/* Begin XCConfigurationList section */
		BD8035AF29F5F4C6009D5990 /* Build configuration list for PBXProject "QuestionApp" */ = {
			isa = XCConfigurationList;
			buildConfigurations = (
				BD8035D629F5F4C8009D5990 /* Debug */,
				BD8035D729F5F4C8009D5990 /* Release */,
			);
			defaultConfigurationIsVisible = 0;
			defaultConfigurationName = Release;
		};
		BD8035D829F5F4C8009D5990 /* Build configuration list for PBXNativeTarget "QuestionApp" */ = {
			isa = XCConfigurationList;
			buildConfigurations = (
				BD8035D929F5F4C8009D5990 /* Debug */,
				BD8035DA29F5F4C8009D5990 /* Release */,
			);
			defaultConfigurationIsVisible = 0;
			defaultConfigurationName = Release;
		};
		BD8035DB29F5F4C8009D5990 /* Build configuration list for PBXNativeTarget "QuestionAppTests" */ = {
			isa = XCConfigurationList;
			buildConfigurations = (
				BD8035DC29F5F4C8009D5990 /* Debug */,
				BD8035DD29F5F4C8009D5990 /* Release */,
			);
			defaultConfigurationIsVisible = 0;
			defaultConfigurationName = Release;
		};
		BD8035DE29F5F4C8009D5990 /* Build configuration list for PBXNativeTarget "QuestionAppUITests" */ = {
			isa = XCConfigurationList;
			buildConfigurations = (
				BD8035DF29F5F4C8009D5990 /* Debug */,
				BD8035E029F5F4C8009D5990 /* Release */,
			);
			defaultConfigurationIsVisible = 0;
			defaultConfigurationName = Release;
		};
/* End XCConfigurationList section */
	};
	rootObject = BD8035AC29F5F4C6009D5990 /* Project object */;
}
